
Microsoft Visual Studio Solution File, Format Version 12.00
# Visual Studio 15
VisualStudioVersion = 15.0.28010.2041
MinimumVisualStudioVersion = 10.0.40219.1
Project("{FAE04EC0-301F-11D3-BF4B-00C04F79EFBC}") = "ReplaceEmbeddedAssemblyResource", "ReplaceEmbeddedAssemblyResource\ReplaceEmbeddedAssemblyResource.csproj", "{72BE1037-D596-4360-9463-4FB1FFE8648B}"
EndProject
Global
	GlobalSection(SolutionConfigurationPlatforms) = preSolution
		Debug|Any CPU = Debug|Any CPU
		Release|Any CPU = Release|Any CPU
	EndGlobalSection
	GlobalSection(ProjectConfigurationPlatforms) = postSolution
		{72BE1037-D596-4360-9463-4FB1FFE8648B}.Debug|Any CPU.ActiveCfg = Debug|Any CPU
		{72BE1037-D596-4360-9463-4FB1FFE8648B}.Debug|Any CPU.Build.0 = Debug|Any CPU
		{72BE1037-D596-4360-9463-4FB1FFE8648B}.Release|Any CPU.ActiveCfg = Release|Any CPU
		{72BE1037-D596-4360-9463-4FB1FFE8648B}.Release|Any CPU.Build.0 = Release|Any CPU
	EndGlobalSection
	GlobalSection(SolutionProperties) = preSolution
		HideSolutionNode = FALSE
	EndGlobalSection
	GlobalSection(ExtensibilityGlobals) = postSolution
		SolutionGuid = {C6582B76-7D06-4211-BB3C-85069D8BD18F}
	EndGlobalSection
EndGlobal
